[[package]]
name = "adafruit-ampy"
version = "1.1.0"
description = "ampy (Adafruit MicroPython tool) is a command line tool to interact with a CircuitPython or MicroPython board over a serial connection."
category = "main"
optional = false
python-versions = "*"

[package.dependencies]
click = "*"
pyserial = "*"
python-dotenv = "*"

[[package]]
name = "bitstring"
version = "3.1.9"
description = "Simple construction, analysis and modification of binary data."
category = "main"
optional = false
python-versions = "*"

[[package]]
name = "cffi"
version = "1.15.0"
description = "Foreign Function Interface for Python calling C code."
category = "main"
optional = false
python-versions = "*"

[package.dependencies]
pycparser = "*"

[[package]]
name = "click"
version = "8.1.2"
description = "Composable command line interface toolkit"
category = "main"
optional = false
python-versions = ">=3.7"

[package.dependencies]
colorama = {version = "*", markers = "platform_system == \"Windows\""}

[[package]]
name = "colorama"
version = "0.4.4"
description = "Cross-platform colored terminal text."
category = "main"
optional = false
python-versions = ">=2.7, !=3.0.*, !=3.1.*, !=3.2.*, !=3.3.*, !=3.4.*"

[[package]]
name = "cryptography"
version = "35.0.0"
description = "cryptography is a package which provides cryptographic recipes and primitives to Python developers."
category = "main"
optional = false
python-versions = ">=3.6"

[package.dependencies]
cffi = ">=1.12"

[package.extras]
docs = ["sphinx (>=1.6.5,!=1.8.0,!=3.1.0,!=3.1.1)", "sphinx-rtd-theme"]
docstest = ["doc8", "pyenchant (>=1.6.11)", "twine (>=1.12.0)", "sphinxcontrib-spelling (>=4.0.1)"]
pep8test = ["black", "flake8", "flake8-import-order", "pep8-naming"]
sdist = ["setuptools_rust (>=0.11.4)"]
ssh = ["bcrypt (>=3.1.5)"]
test = ["pytest (>=6.2.0)", "pytest-cov", "pytest-subtests", "pytest-xdist", "pretend", "iso8601", "pytz", "hypothesis (>=1.11.4,!=3.79.2)"]

[[package]]
name = "ecdsa"
version = "0.17.0"
description = "ECDSA cryptographic signature library (pure python)"
category = "main"
optional = false
python-versions = ">=2.6, !=3.0.*, !=3.1.*, !=3.2.*"

[package.dependencies]
six = ">=1.9.0"

[package.extras]
gmpy = ["gmpy"]
gmpy2 = ["gmpy2"]

[[package]]
name = "esptool"
version = "3.1"
description = "A serial utility to communicate & flash code to Espressif ESP8266 & ESP32 chips."
category = "main"
optional = false
python-versions = "*"

[package.dependencies]
bitstring = ">=3.1.6"
cryptography = ">=2.1.4"
ecdsa = ">=0.16.0"
pyserial = ">=3.0"
reedsolo = ">=1.5.3,<=1.5.4"

[package.extras]
dev = ["flake8 (>=3.2.0)", "flake8-future-import", "flake8-import-order", "pyelftools", "unittest-xml-reporting (<=2.5.2)", "coverage"]

[[package]]
name = "pycparser"
version = "2.20"
description = "C parser in Python"
category = "main"
optional = false
python-versions = ">=2.7, !=3.0.*, !=3.1.*, !=3.2.*, !=3.3.*"

[[package]]
name = "pyreadline"
version = "2.1"
description = "A python implmementation of GNU readline."
category = "main"
optional = false
python-versions = "*"

[[package]]
name = "pyserial"
version = "3.5"
description = "Python Serial Port Extension"
category = "main"
optional = false
python-versions = "*"

[package.extras]
cp2110 = ["hidapi"]

[[package]]
name = "python-dotenv"
version = "0.20.0"
description = "Read key-value pairs from a .env file and set them as environment variables"
category = "main"
optional = false
python-versions = ">=3.5"

[package.extras]
cli = ["click (>=5.0)"]

[[package]]
name = "pyudev"
version = "0.22.0"
description = "A libudev binding"
category = "main"
optional = false
python-versions = "*"

[package.dependencies]
six = "*"

[[package]]
name = "reedsolo"
version = "1.5.4"
description = "Pure-Python Reed Solomon encoder/decoder"
category = "main"
optional = false
python-versions = "*"

[[package]]
name = "rshell"
version = "0.0.30"
description = "A remote shell for working with MicroPython boards."
category = "main"
optional = false
python-versions = "*"

[package.dependencies]
pyreadline = {version = "*", markers = "sys_platform == \"win32\""}
pyserial = "*"
pyudev = ">=0.16"

[[package]]
name = "six"
version = "1.16.0"
description = "Python 2 and 3 compatibility utilities"
category = "main"
optional = false
python-versions = ">=2.7, !=3.0.*, !=3.1.*, !=3.2.*"

[metadata]
lock-version = "1.1"
python-versions = "^3.9"
content-hash = "27f70ab43422ff5a564038c4982a603ef03583bf6495fc3f7c1601bea6ee42e4"

[metadata.files]
adafruit-ampy = []
bitstring = []
cffi = []
click = []
colorama = []
cryptography = []
ecdsa = []
esptool = []
pycparser = []
pyreadline = []
pyserial = []
python-dotenv = []
pyudev = []
reedsolo = []
rshell = []
six = []
